// !$*UTF8*$!
{
	archiveVersion = 1;
	classes = {
	};
	objectVersion = 56;
	objects = {

/* Begin PBXBuildFile section */
		D2A2B14D29B3BFEC0022620C /* yellowSound.wav in Resources */ = {isa = PBXBuildFile; fileRef = D2A2B14C29B3BFEC0022620C /* yellowSound.wav */; };
		D2AAFBD129AD1A4400864504 /* AppDelegate.swift in Sources */ = {isa = PBXBuildFile; fileRef = D2AAFBD029AD1A4400864504 /* AppDelegate.swift */; };
		D2AAFBD329AD1A4400864504 /* SceneDelegate.swift in Sources */ = {isa = PBXBuildFile; fileRef = D2AAFBD229AD1A4400864504 /* SceneDelegate.swift */; };
		D2AAFBD529AD1A4400864504 /* ViewController.swift in Sources */ = {isa = PBXBuildFile; fileRef = D2AAFBD429AD1A4400864504 /* ViewController.swift */; };
		D2AAFBDA29AD1A4500864504 /* Assets.xcassets in Resources */ = {isa = PBXBuildFile; fileRef = D2AAFBD929AD1A4500864504 /* Assets.xcassets */; };
		D2AAFBDD29AD1A4500864504 /* LaunchScreen.storyboard in Resources */ = {isa = PBXBuildFile; fileRef = D2AAFBDB29AD1A4500864504 /* LaunchScreen.storyboard */; };
		D2AAFBE629AD1E2A00864504 /* SnapKit in Frameworks */ = {isa = PBXBuildFile; productRef = D2AAFBE529AD1E2A00864504 /* SnapKit */; };
		D2BED43C29B1082800AE2D44 /* beep.wav in Resources */ = {isa = PBXBuildFile; fileRef = D2BED43B29B1082800AE2D44 /* beep.wav */; };
/* End PBXBuildFile section */

/* Begin PBXFileReference section */
		D2A2B14C29B3BFEC0022620C /* yellowSound.wav */ = {isa = PBXFileReference; lastKnownFileType = audio.wav; path = yellowSound.wav; sourceTree = "<group>"; };
		D2AAFBCD29AD1A4400864504 /* OTUS_MyCourseWork.app */ = {isa = PBXFileReference; explicitFileType = wrapper.application; includeInIndex = 0; path = OTUS_MyCourseWork.app; sourceTree = BUILT_PRODUCTS_DIR; };
		D2AAFBD029AD1A4400864504 /* AppDelegate.swift */ = {isa = PBXFileReference; lastKnownFileType = sourcecode.swift; path = AppDelegate.swift; sourceTree = "<group>"; };
		D2AAFBD229AD1A4400864504 /* SceneDelegate.swift */ = {isa = PBXFileReference; lastKnownFileType = sourcecode.swift; path = SceneDelegate.swift; sourceTree = "<group>"; };
		D2AAFBD429AD1A4400864504 /* ViewController.swift */ = {isa = PBXFileReference; lastKnownFileType = sourcecode.swift; path = ViewController.swift; sourceTree = "<group>"; };
		D2AAFBD929AD1A4500864504 /* Assets.xcassets */ = {isa = PBXFileReference; lastKnownFileType = folder.assetcatalog; path = Assets.xcassets; sourceTree = "<group>"; };
		D2AAFBDC29AD1A4500864504 /* Base */ = {isa = PBXFileReference; lastKnownFileType = file.storyboard; name = Base; path = Base.lproj/LaunchScreen.storyboard; sourceTree = "<group>"; };
		D2AAFBDE29AD1A4500864504 /* Info.plist */ = {isa = PBXFileReference; lastKnownFileType = text.plist.xml; path = Info.plist; sourceTree = "<group>"; };
		D2BED43B29B1082800AE2D44 /* beep.wav */ = {isa = PBXFileReference; lastKnownFileType = audio.wav; path = beep.wav; sourceTree = "<group>"; };
/* End PBXFileReference section */

/* Begin PBXFrameworksBuildPhase section */
		D2AAFBCA29AD1A4400864504 /* Frameworks */ = {
			isa = PBXFrameworksBuildPhase;
			buildActionMask = 2147483647;
			files = (
				D2AAFBE629AD1E2A00864504 /* SnapKit in Frameworks */,
			);
			runOnlyForDeploymentPostprocessing = 0;
		};
/* End PBXFrameworksBuildPhase section */

/* Begin PBXGroup section */
		D2AAFBC429AD1A4400864504 = {
			isa = PBXGroup;
			children = (
				D2AAFBCF29AD1A4400864504 /* OTUS_MyCourseWork */,
				D2AAFBCE29AD1A4400864504 /* Products */,
			);
			sourceTree = "<group>";
		};
		D2AAFBCE29AD1A4400864504 /* Products */ = {
			isa = PBXGroup;
			children = (
				D2AAFBCD29AD1A4400864504 /* OTUS_MyCourseWork.app */,
			);
			name = Products;
			sourceTree = "<group>";
		};
		D2AAFBCF29AD1A4400864504 /* OTUS_MyCourseWork */ = {
			isa = PBXGroup;
			children = (
				D2B4047C29BF79C700CEAD9E /* AppDelegate */,
				D2AAFBD429AD1A4400864504 /* ViewController.swift */,
				D2BED43A29B1082800AE2D44 /* Sounds */,
				D2AAFBD929AD1A4500864504 /* Assets.xcassets */,
				D2AAFBDB29AD1A4500864504 /* LaunchScreen.storyboard */,
				D2AAFBDE29AD1A4500864504 /* Info.plist */,
			);
			path = OTUS_MyCourseWork;
			sourceTree = "<group>";
		};
		D2B4047C29BF79C700CEAD9E /* AppDelegate */ = {
			isa = PBXGroup;
			children = (
				D2AAFBD029AD1A4400864504 /* AppDelegate.swift */,
				D2AAFBD229AD1A4400864504 /* SceneDelegate.swift */,
			);
			path = AppDelegate;
			sourceTree = "<group>";
		};
		D2BED43A29B1082800AE2D44 /* Sounds */ = {
			isa = PBXGroup;
			children = (
				D2A2B14C29B3BFEC0022620C /* yellowSound.wav */,
				D2BED43B29B1082800AE2D44 /* beep.wav */,
			);
			name = Sounds;
			path = ../../../../Downloads/Sounds;
			sourceTree = "<group>";
		};
/* End PBXGroup section */

/* Begin PBXNativeTarget section */
		D2AAFBCC29AD1A4400864504 /* OTUS_MyCourseWork */ = {
			isa = PBXNativeTarget;
			buildConfigurationList = D2AAFBE129AD1A4500864504 /* Build configuration list for PBXNativeTarget "OTUS_MyCourseWork" */;
			buildPhases = (
				D2AAFBC929AD1A4400864504 /* Sources */,
				D2AAFBCA29AD1A4400864504 /* Frameworks */,
				D2AAFBCB29AD1A4400864504 /* Resources */,
			);
			buildRules = (
			);
			dependencies = (
			);
			name = OTUS_MyCourseWork;
			packageProductDependencies = (
				D2AAFBE529AD1E2A00864504 /* SnapKit */,
			);
			productName = OTUS_MyCourseWork;
			productReference = D2AAFBCD29AD1A4400864504 /* OTUS_MyCourseWork.app */;
			productType = "com.apple.product-type.application";
		};
/* End PBXNativeTarget section */

/* Begin PBXProject section */
		D2AAFBC529AD1A4400864504 /* Project object */ = {
			isa = PBXProject;
			attributes = {
				BuildIndependentTargetsInParallel = 1;
				LastSwiftUpdateCheck = 1410;
				LastUpgradeCheck = 1410;
				TargetAttributes = {
					D2AAFBCC29AD1A4400864504 = {
						CreatedOnToolsVersion = 14.1;
					};
				};
			};
			buildConfigurationList = D2AAFBC829AD1A4400864504 /* Build configuration list for PBXProject "OTUS_MyCourseWork" */;
			compatibilityVersion = "Xcode 14.0";
			developmentRegion = en;
			hasScannedForEncodings = 0;
			knownRegions = (
				en,
				Base,
			);
			mainGroup = D2AAFBC429AD1A4400864504;
			packageReferences = (
				D2AAFBE429AD1E2A00864504 /* XCRemoteSwiftPackageReference "snapkit" */,
			);
			productRefGroup = D2AAFBCE29AD1A4400864504 /* Products */;
			projectDirPath = "";
			projectRoot = "";
			targets = (
				D2AAFBCC29AD1A4400864504 /* OTUS_MyCourseWork */,
			);
		};
/* End PBXProject section */

/* Begin PBXResourcesBuildPhase section */
		D2AAFBCB29AD1A4400864504 /* Resources */ = {
			isa = PBXResourcesBuildPhase;
			buildActionMask = 2147483647;
			files = (
				D2A2B14D29B3BFEC0022620C /* yellowSound.wav in Resources */,
				D2BED43C29B1082800AE2D44 /* beep.wav in Resources */,
				D2AAFBDD29AD1A4500864504 /* LaunchScreen.storyboard in Resources */,
				D2AAFBDA29AD1A4500864504 /* Assets.xcassets in Resources */,
			);
			runOnlyForDeploymentPostprocessing = 0;
		};
/* End PBXResourcesBuildPhase section */

/* Begin PBXSourcesBuildPhase section */
		D2AAFBC929AD1A4400864504 /* Sources */ = {
			isa = PBXSourcesBuildPhase;
			buildActionMask = 2147483647;
			files = (
				D2AAFBD529AD1A4400864504 /* ViewController.swift in Sources */,
				D2AAFBD129AD1A4400864504 /* AppDelegate.swift in Sources */,
				D2AAFBD329AD1A4400864504 /* SceneDelegate.swift in Sources */,
			);
			runOnlyForDeploymentPostprocessing = 0;
		};
/* End PBXSourcesBuildPhase section */

/* Begin PBXVariantGroup section */
		D2AAFBDB29AD1A4500864504 /* LaunchScreen.storyboard */ = {
			isa = PBXVariantGroup;
			children = (
				D2AAFBDC29AD1A4500864504 /* Base */,
			);
			name = LaunchScreen.storyboard;
			sourceTree = "<group>";
		};
/* End PBXVariantGroup section */

/* Begin XCBuildConfiguration section */
		D2AAFBDF29AD1A4500864504 /* Debug */ = {
			isa = XCBuildConfiguration;
			buildSettings = {
				ALWAYS_SEARCH_USER_PATHS = NO;
				CLANG_ANALYZER_NONNULL = YES;
				CLANG_ANALYZER_NUMBER_OBJECT_CONVERSION = YES_AGGRESSIVE;
				CLANG_CXX_LANGUAGE_STANDARD = "gnu++20";
				CLANG_ENABLE_MODULES = YES;
				CLANG_ENABLE_OBJC_ARC = YES;
				CLANG_ENABLE_OBJC_WEAK = YES;
				CLANG_WARN_BLOCK_CAPTURE_AUTORELEASING = YES;
				CLANG_WARN_BOOL_CONVERSION = YES;
				CLANG_WARN_COMMA = YES;
				CLANG_WARN_CONSTANT_CONVERSION = YES;
				CLANG_WARN_DEPRECATED_OBJC_IMPLEMENTATIONS = YES;
				CLANG_WARN_DIRECT_OBJC_ISA_USAGE = YES_ERROR;
				CLANG_WARN_DOCUMENTATION_COMMENTS = YES;
				CLANG_WARN_EMPTY_BODY = YES;
				CLANG_WARN_ENUM_CONVERSION = YES;
				CLANG_WARN_INFINITE_RECURSION = YES;
				CLANG_WARN_INT_CONVERSION = YES;
				CLANG_WARN_NON_LITERAL_NULL_CONVERSION = YES;
				CLANG_WARN_OBJC_IMPLICIT_RETAIN_SELF = YES;
				CLANG_WARN_OBJC_LITERAL_CONVERSION = YES;
				CLANG_WARN_OBJC_ROOT_CLASS = YES_ERROR;
				CLANG_WARN_QUOTED_INCLUDE_IN_FRAMEWORK_HEADER = YES;
				CLANG_WARN_RANGE_LOOP_ANALYSIS = YES;
				CLANG_WARN_STRICT_PROTOTYPES = YES;
				CLANG_WARN_SUSPICIOUS_MOVE = YES;
				CLANG_WARN_UNGUARDED_AVAILABILITY = YES_AGGRESSIVE;
				CLANG_WARN_UNREACHABLE_CODE = YES;
				CLANG_WARN__DUPLICATE_METHOD_MATCH = YES;
				COPY_PHASE_STRIP = NO;
				DEBUG_INFORMATION_FORMAT = dwarf;
				ENABLE_STRICT_OBJC_MSGSEND = YES;
				ENABLE_TESTABILITY = YES;
				GCC_C_LANGUAGE_STANDARD = gnu11;
				GCC_DYNAMIC_NO_PIC = NO;
				GCC_NO_COMMON_BLOCKS = YES;
				GCC_OPTIMIZATION_LEVEL = 0;
				GCC_PREPROCESSOR_DEFINITIONS = (
					"DEBUG=1",
					"$(inherited)",
				);
				GCC_WARN_64_TO_32_BIT_CONVERSION = YES;
				GCC_WARN_ABOUT_RETURN_TYPE = YES_ERROR;
				GCC_WARN_UNDECLARED_SELECTOR = YES;
				GCC_WARN_UNINITIALIZED_AUTOS = YES_AGGRESSIVE;
				GCC_WARN_UNUSED_FUNCTION = YES;
				GCC_WARN_UNUSED_VARIABLE = YES;
				IPHONEOS_DEPLOYMENT_TARGET = 16.1;
				MTL_ENABLE_DEBUG_INFO = INCLUDE_SOURCE;
				MTL_FAST_MATH = YES;
				ONLY_ACTIVE_ARCH = YES;
				SDKROOT = iphoneos;
				SWIFT_ACTIVE_COMPILATION_CONDITIONS = DEBUG;
				SWIFT_OPTIMIZATION_LEVEL = "-Onone";
			};
			name = Debug;
		};
		D2AAFBE029AD1A4500864504 /* Release */ = {
			isa = XCBuildConfiguration;
			buildSettings = {
				ALWAYS_SEARCH_USER_PATHS = NO;
				CLANG_ANALYZER_NONNULL = YES;
				CLANG_ANALYZER_NUMBER_OBJECT_CONVERSION = YES_AGGRESSIVE;
				CLANG_CXX_LANGUAGE_STANDARD = "gnu++20";
				CLANG_ENABLE_MODULES = YES;
				CLANG_ENABLE_OBJC_ARC = YES;
				CLANG_ENABLE_OBJC_WEAK = YES;
				CLANG_WARN_BLOCK_CAPTURE_AUTORELEASING = YES;
				CLANG_WARN_BOOL_CONVERSION = YES;
				CLANG_WARN_COMMA = YES;
				CLANG_WARN_CONSTANT_CONVERSION = YES;
				CLANG_WARN_DEPRECATED_OBJC_IMPLEMENTATIONS = YES;
				CLANG_WARN_DIRECT_OBJC_ISA_USAGE = YES_ERROR;
				CLANG_WARN_DOCUMENTATION_COMMENTS = YES;
				CLANG_WARN_EMPTY_BODY = YES;
				CLANG_WARN_ENUM_CONVERSION = YES;
				CLANG_WARN_INFINITE_RECURSION = YES;
				CLANG_WARN_INT_CONVERSION = YES;
				CLANG_WARN_NON_LITERAL_NULL_CONVERSION = YES;
				CLANG_WARN_OBJC_IMPLICIT_RETAIN_SELF = YES;
				CLANG_WARN_OBJC_LITERAL_CONVERSION = YES;
				CLANG_WARN_OBJC_ROOT_CLASS = YES_ERROR;
				CLANG_WARN_QUOTED_INCLUDE_IN_FRAMEWORK_HEADER = YES;
				CLANG_WARN_RANGE_LOOP_ANALYSIS = YES;
				CLANG_WARN_STRICT_PROTOTYPES = YES;
				CLANG_WARN_SUSPICIOUS_MOVE = YES;
				CLANG_WARN_UNGUARDED_AVAILABILITY = YES_AGGRESSIVE;
				CLANG_WARN_UNREACHABLE_CODE = YES;
				CLANG_WARN__DUPLICATE_METHOD_MATCH = YES;
				COPY_PHASE_STRIP = NO;
				DEBUG_INFORMATION_FORMAT = "dwarf-with-dsym";
				ENABLE_NS_ASSERTIONS = NO;
				ENABLE_STRICT_OBJC_MSGSEND = YES;
				GCC_C_LANGUAGE_STANDARD = gnu11;
				GCC_NO_COMMON_BLOCKS = YES;
				GCC_WARN_64_TO_32_BIT_CONVERSION = YES;
				GCC_WARN_ABOUT_RETURN_TYPE = YES_ERROR;
				GCC_WARN_UNDECLARED_SELECTOR = YES;
				GCC_WARN_UNINITIALIZED_AUTOS = YES_AGGRESSIVE;
				GCC_WARN_UNUSED_FUNCTION = YES;
				GCC_WARN_UNUSED_VARIABLE = YES;
				IPHONEOS_DEPLOYMENT_TARGET = 16.1;
				MTL_ENABLE_DEBUG_INFO = NO;
				MTL_FAST_MATH = YES;
				SDKROOT = iphoneos;
				SWIFT_COMPILATION_MODE = wholemodule;
				SWIFT_OPTIMIZATION_LEVEL = "-O";
				VALIDATE_PRODUCT = YES;
			};
			name = Release;
		};
		D2AAFBE229AD1A4500864504 /* Debug */ = {
			isa = XCBuildConfiguration;
			buildSettings = {
				ASSETCATALOG_COMPILER_APPICON_NAME = AppIcon;
				ASSETCATALOG_COMPILER_GLOBAL_ACCENT_COLOR_NAME = AccentColor;
				CODE_SIGN_STYLE = Automatic;
				CURRENT_PROJECT_VERSION = 1;
				DEVELOPMENT_TEAM = Y7CXUK5HPD;
				GENERATE_INFOPLIST_FILE = YES;
				INFOPLIST_FILE = OTUS_MyCourseWork/Info.plist;
				INFOPLIST_KEY_UIApplicationSupportsIndirectInputEvents = YES;
				INFOPLIST_KEY_UILaunchStoryboardName = LaunchScreen;
				INFOPLIST_KEY_UIMainStoryboardFile = "";
				INFOPLIST_KEY_UISupportedInterfaceOrientations_iPad = "UIInterfaceOrientationPortrait UIInterfaceOrientationPortraitUpsideDown UIInterfaceOrientationLandscapeLeft UIInterfaceOrientationLandscapeRight";
				INFOPLIST_KEY_UISupportedInterfaceOrientations_iPhone = "UIInterfaceOrientationPortrait UIInterfaceOrientationLandscapeLeft UIInterfaceOrientationLandscapeRight";
				IPHONEOS_DEPLOYMENT_TARGET = 16.0;
				LD_RUNPATH_SEARCH_PATHS = (
					"$(inherited)",
					"@executable_path/Frameworks",
				);
				MARKETING_VERSION = 1.0;
				PRODUCT_BUNDLE_IDENTIFIER = "bombastic.OTUS-MyCourseWork";
				PRODUCT_NAME = "$(TARGET_NAME)";
				SWIFT_EMIT_LOC_STRINGS = YES;
				SWIFT_VERSION = 5.0;
				TARGETED_DEVICE_FAMILY = "1,2";
			};
			name = Debug;
		};
		D2AAFBE329AD1A4500864504 /* Release */ = {
			isa = XCBuildConfiguration;
			buildSettings = {
				ASSETCATALOG_COMPILER_APPICON_NAME = AppIcon;
				ASSETCATALOG_COMPILER_GLOBAL_ACCENT_COLOR_NAME = AccentColor;
				CODE_SIGN_STYLE = Automatic;
				CURRENT_PROJECT_VERSION = 1;
				DEVELOPMENT_TEAM = Y7CXUK5HPD;
				GENERATE_INFOPLIST_FILE = YES;
				INFOPLIST_FILE = OTUS_MyCourseWork/Info.plist;
				INFOPLIST_KEY_UIApplicationSupportsIndirectInputEvents = YES;
				INFOPLIST_KEY_UILaunchStoryboardName = LaunchScreen;
				INFOPLIST_KEY_UIMainStoryboardFile = "";
				INFOPLIST_KEY_UISupportedInterfaceOrientations_iPad = "UIInterfaceOrientationPortrait UIInterfaceOrientationPortraitUpsideDown UIInterfaceOrientationLandscapeLeft UIInterfaceOrientationLandscapeRight";
				INFOPLIST_KEY_UISupportedInterfaceOrientations_iPhone = "UIInterfaceOrientationPortrait UIInterfaceOrientationLandscapeLeft UIInterfaceOrientationLandscapeRight";
				IPHONEOS_DEPLOYMENT_TARGET = 16.0;
				LD_RUNPATH_SEARCH_PATHS = (
					"$(inherited)",
					"@executable_path/Frameworks",
				);
				MARKETING_VERSION = 1.0;
				PRODUCT_BUNDLE_IDENTIFIER = "bombastic.OTUS-MyCourseWork";
				PRODUCT_NAME = "$(TARGET_NAME)";
				SWIFT_EMIT_LOC_STRINGS = YES;
				SWIFT_VERSION = 5.0;
				TARGETED_DEVICE_FAMILY = "1,2";
			};
			name = Release;
		};
/* End XCBuildConfiguration section */

/* Begin XCConfigurationList section */
		D2AAFBC829AD1A4400864504 /* Build configuration list for PBXProject "OTUS_MyCourseWork" */ = {
			isa = XCConfigurationList;
			buildConfigurations = (
				D2AAFBDF29AD1A4500864504 /* Debug */,
				D2AAFBE029AD1A4500864504 /* Release */,
			);
			defaultConfigurationIsVisible = 0;
			defaultConfigurationName = Release;
		};
		D2AAFBE129AD1A4500864504 /* Build configuration list for PBXNativeTarget "OTUS_MyCourseWork" */ = {
			isa = XCConfigurationList;
			buildConfigurations = (
				D2AAFBE229AD1A4500864504 /* Debug */,
				D2AAFBE329AD1A4500864504 /* Release */,
			);
			defaultConfigurationIsVisible = 0;
			defaultConfigurationName = Release;
		};
/* End XCConfigurationList section */

/* Begin XCRemoteSwiftPackageReference section */
		D2AAFBE429AD1E2A00864504 /* XCRemoteSwiftPackageReference "snapkit" */ = {
			isa = XCRemoteSwiftPackageReference;
			repositoryURL = "https://github.com/snapkit/snapkit.git";
			requirement = {
				branch = develop;
				kind = branch;
			};
		};
/* End XCRemoteSwiftPackageReference section */

/* Begin XCSwiftPackageProductDependency section */
		D2AAFBE529AD1E2A00864504 /* SnapKit */ = {
			isa = XCSwiftPackageProductDependency;
			package = D2AAFBE429AD1E2A00864504 /* XCRemoteSwiftPackageReference "snapkit" */;
			productName = SnapKit;
		};
/* End XCSwiftPackageProductDependency section */
	};
	rootObject = D2AAFBC529AD1A4400864504 /* Project object */;
}
